
Microsoft Visual Studio Solution File, Format Version 12.00
# Visual Studio Version 16
VisualStudioVersion = 16.0.31313.79
MinimumVisualStudioVersion = 10.0.40219.1
Project("{FAE04EC0-301F-11D3-BF4B-00C04F79EFBC}") = "FileSystemWrapper", "FileSystemWrapper\FileSystemWrapper.csproj", "{6FDEDB10-45E3-4E39-A782-4067AF9BEFA2}"
EndProject
Project("{FAE04EC0-301F-11D3-BF4B-00C04F79EFBC}") = "FileSystemWrapper.Tests", "FileSystemWrapper.Tests\FileSystemWrapper.Tests.csproj", "{E3D2E743-07C7-44BF-9361-078C1A882FCC}"
EndProject
Global
	GlobalSection(SolutionConfigurationPlatforms) = preSolution
		Debug|Any CPU = Debug|Any CPU
		Release|Any CPU = Release|Any CPU
	EndGlobalSection
	GlobalSection(ProjectConfigurationPlatforms) = postSolution
		{6FDEDB10-45E3-4E39-A782-4067AF9BEFA2}.Debug|Any CPU.ActiveCfg = Debug|Any CPU
		{6FDEDB10-45E3-4E39-A782-4067AF9BEFA2}.Debug|Any CPU.Build.0 = Debug|Any CPU
		{6FDEDB10-45E3-4E39-A782-4067AF9BEFA2}.Release|Any CPU.ActiveCfg = Release|Any CPU
		{6FDEDB10-45E3-4E39-A782-4067AF9BEFA2}.Release|Any CPU.Build.0 = Release|Any CPU
		{E3D2E743-07C7-44BF-9361-078C1A882FCC}.Debug|Any CPU.ActiveCfg = Debug|Any CPU
		{E3D2E743-07C7-44BF-9361-078C1A882FCC}.Debug|Any CPU.Build.0 = Debug|Any CPU
		{E3D2E743-07C7-44BF-9361-078C1A882FCC}.Release|Any CPU.ActiveCfg = Release|Any CPU
		{E3D2E743-07C7-44BF-9361-078C1A882FCC}.Release|Any CPU.Build.0 = Release|Any CPU
	EndGlobalSection
	GlobalSection(SolutionProperties) = preSolution
		HideSolutionNode = FALSE
	EndGlobalSection
	GlobalSection(ExtensibilityGlobals) = postSolution
		SolutionGuid = {DFAF6A2B-EC8A-467F-853F-BEB5FCE9CA45}
	EndGlobalSection
EndGlobal
